
Microsoft Visual Studio Solution File, Format Version 12.00
# Visual Studio Version 17
VisualStudioVersion = 17.7.34202.233
MinimumVisualStudioVersion = 10.0.40219.1
Project("{FAE04EC0-301F-11D3-BF4B-00C04F79EFBC}") = "ObserverPattern", "ObserverPattern.csproj", "{B821DE92-223D-425F-906D-FE5A9610F64E}"
EndProject
Global
	GlobalSection(SolutionConfigurationPlatforms) = preSolution
		Debug|Any CPU = Debug|Any CPU
		Release|Any CPU = Release|Any CPU
	EndGlobalSection
	GlobalSection(ProjectConfigurationPlatforms) = postSolution
		{B821DE92-223D-425F-906D-FE5A9610F64E}.Debug|Any CPU.ActiveCfg = Debug|Any CPU
		{B821DE92-223D-425F-906D-FE5A9610F64E}.Debug|Any CPU.Build.0 = Debug|Any CPU
		{B821DE92-223D-425F-906D-FE5A9610F64E}.Release|Any CPU.ActiveCfg = Release|Any CPU
		{B821DE92-223D-425F-906D-FE5A9610F64E}.Release|Any CPU.Build.0 = Release|Any CPU
	EndGlobalSection
	GlobalSection(SolutionProperties) = preSolution
		HideSolutionNode = FALSE
	EndGlobalSection
	GlobalSection(ExtensibilityGlobals) = postSolution
		SolutionGuid = {D44A9E0E-40C8-4B74-AE05-71414E4F3212}
	EndGlobalSection
EndGlobal
